Microsoft Visual Studio Solution File, Format Version 12.00
# Visual Studio Version 17
VisualStudioVersion = 17.0.31903.59
MinimumVisualStudioVersion = 10.0.40219.1
Project("{9A19103F-16F7-4668-BE54-9A1E7A4F7556}") = "SharpDownloadManager.UI", "SharpDownloadManager.UI\\SharpDownloadManager.UI.csproj", "{B5F92F7B-6A19-4A63-8D7C-596D95263C3F}"
EndProject
Project("{9A19103F-16F7-4668-BE54-9A1E7A4F7556}") = "SharpDownloadManager.Core", "SharpDownloadManager.Core\\SharpDownloadManager.Core.csproj", "{F0CDB37E-E55F-4B0B-B90F-9E5A2D5C9B9A}"
EndProject
Project("{9A19103F-16F7-4668-BE54-9A1E7A4F7556}") = "SharpDownloadManager.Infrastructure", "SharpDownloadManager.Infrastructure\\SharpDownloadManager.Infrastructure.csproj", "{F4C869ED-33BE-427C-8D45-6CFA58CE3D95}"
EndProject
Global
    GlobalSection(SolutionConfigurationPlatforms) = preSolution
        Debug|Any CPU = Debug|Any CPU
        Release|Any CPU = Release|Any CPU
    EndGlobalSection
    GlobalSection(ProjectConfigurationPlatforms) = postSolution
        {B5F92F7B-6A19-4A63-8D7C-596D95263C3F}.Debug|Any CPU.ActiveCfg = Debug|Any CPU
        {B5F92F7B-6A19-4A63-8D7C-596D95263C3F}.Debug|Any CPU.Build.0 = Debug|Any CPU
        {B5F92F7B-6A19-4A63-8D7C-596D95263C3F}.Release|Any CPU.ActiveCfg = Release|Any CPU
        {B5F92F7B-6A19-4A63-8D7C-596D95263C3F}.Release|Any CPU.Build.0 = Release|Any CPU
        {F0CDB37E-E55F-4B0B-B90F-9E5A2D5C9B9A}.Debug|Any CPU.ActiveCfg = Debug|Any CPU
        {F0CDB37E-E55F-4B0B-B90F-9E5A2D5C9B9A}.Debug|Any CPU.Build.0 = Debug|Any CPU
        {F0CDB37E-E55F-4B0B-B90F-9E5A2D5C9B9A}.Release|Any CPU.ActiveCfg = Release|Any CPU
        {F0CDB37E-E55F-4B0B-B90F-9E5A2D5C9B9A}.Release|Any CPU.Build.0 = Release|Any CPU
        {F4C869ED-33BE-427C-8D45-6CFA58CE3D95}.Debug|Any CPU.ActiveCfg = Debug|Any CPU
        {F4C869ED-33BE-427C-8D45-6CFA58CE3D95}.Debug|Any CPU.Build.0 = Debug|Any CPU
        {F4C869ED-33BE-427C-8D45-6CFA58CE3D95}.Release|Any CPU.ActiveCfg = Release|Any CPU
        {F4C869ED-33BE-427C-8D45-6CFA58CE3D95}.Release|Any CPU.Build.0 = Release|Any CPU
    EndGlobalSection
EndGlobal
